# This file is autogenerated, do not edit; changes may be undone by the next 'dep ensure'.


[[projects]]
  name = "github.com/armon/go-metrics"
  packages = ["."]
  revision = "97c69685293dce4c0a2d0b19535179bbc976e4d2"

[[projects]]
  name = "github.com/dimfeld/httppath"
  packages = ["."]
  revision = "c8e499c3ef3c3e272ed8bdcc1ccf39f73c88debc"

[[projects]]
  name = "github.com/dimfeld/httptreemux"
  packages = ["."]
  revision = "5cb0ec25af2dd6a7d3718b5aa05dc48e192473bc"
  version = "v3.5.1"

[[projects]]
  name = "github.com/goadesign/goa"
  packages = [".","uuid"]
  revision = "5a33ca09d4a93dac7af8d9ef5f9e4d35074dcd9b"

[[projects]]
  name = "github.com/onsi/ginkgo"
  packages = [".","config","internal/codelocation","internal/containernode","internal/failer","internal/leafnodes","internal/remote","internal/spec","internal/spec_iterator","internal/specrunner","internal/suite","internal/testingtproxy","internal/writer","reporters","reporters/stenographer","reporters/stenographer/support/go-colorable","reporters/stenographer/support/go-isatty","types"]
  revision = "9eda700730cba42af70d53180f9dcce9266bc2bc"
  version = "v1.4.0"

[[projects]]
  branch = "master"
  name = "github.com/onsi/gomega"
  packages = [".","format","internal/assertion","internal/asyncassertion","internal/oraclematcher","internal/testingtsupport","matchers","matchers/support/goraph/bipartitegraph","matchers/support/goraph/edge","matchers/support/goraph/node","matchers/support/goraph/util","types"]
  revision = "6e33911c8481405188b3791f916ac125a6a404b4"

[[projects]]
  name = "github.com/satori/go.uuid"
  packages = ["."]
  revision = "b061729afc07e77a8aa4fad0a2fd840958f1942a"

[[projects]]
  name = "golang.org/x/net"
  packages = ["context","html","html/atom","html/charset"]
  revision = "0e2717dc3cc05907dc23096ef3a9086ea93f567f"

[[projects]]
  branch = "master"
  name = "golang.org/x/sys"
  packages = ["unix"]
  revision = "dd2ff4accc098aceecb86b36eaa7829b2a17b1c9"

[[projects]]
  name = "golang.org/x/text"
  packages = ["encoding","encoding/charmap","encoding/htmlindex","encoding/internal","encoding/internal/identifier","encoding/japanese","encoding/korean","encoding/simplifiedchinese","encoding/traditionalchinese","encoding/unicode","internal/gen","internal/tag","internal/utf8internal","language","runes","transform","unicode/cldr"]
  revision = "88f656faf3f37f690df1a32515b479415e1a6769"

[[projects]]
  name = "gopkg.in/yaml.v2"
  packages = ["."]
  revision = "7f97868eec74b32b0982dd158a51a446d1da7eb5"
  version = "v2.1.1"

[solve-meta]
  analyzer-name = "dep"
  analyzer-version = 1
  inputs-digest = "72b45bc91a3e9d50715b1a918bdd720875640caec0aa6f2dc2b459a427331d4d"
  solver-name = "gps-cdcl"
  solver-version = 1
